
Microsoft Visual Studio Solution File, Format Version 12.00
# Visual Studio Version 16
VisualStudioVersion = 16.0.32901.82
MinimumVisualStudioVersion = 10.0.40219.1
Project("{FAE04EC0-301F-11D3-BF4B-00C04F79EFBC}") = "ECOM", "ECOM\ECOM.csproj", "{31E09A4C-C4D3-4D77-89E6-5E75C9849A8B}"
EndProject
Global
	GlobalSection(SolutionConfigurationPlatforms) = preSolution
		Debug|Any CPU = Debug|Any CPU
		Release|Any CPU = Release|Any CPU
	EndGlobalSection
	GlobalSection(ProjectConfigurationPlatforms) = postSolution
		{31E09A4C-C4D3-4D77-89E6-5E75C9849A8B}.Debug|Any CPU.ActiveCfg = Debug|Any CPU
		{31E09A4C-C4D3-4D77-89E6-5E75C9849A8B}.Debug|Any CPU.Build.0 = Debug|Any CPU
		{31E09A4C-C4D3-4D77-89E6-5E75C9849A8B}.Release|Any CPU.ActiveCfg = Release|Any CPU
		{31E09A4C-C4D3-4D77-89E6-5E75C9849A8B}.Release|Any CPU.Build.0 = Release|Any CPU
	EndGlobalSection
	GlobalSection(SolutionProperties) = preSolution
		HideSolutionNode = FALSE
	EndGlobalSection
	GlobalSection(ExtensibilityGlobals) = postSolution
		SolutionGuid = {441C0546-5DB9-43CC-876C-F0F1C3C8F88A}
	EndGlobalSection
EndGlobal
